
Microsoft Visual Studio Solution File, Format Version 12.00
# Visual Studio Version 17
VisualStudioVersion = 17.3.32922.545
MinimumVisualStudioVersion = 10.0.40219.1
Project("{9A19103F-16F7-4668-BE54-9A1E7A4F7556}") = "Ejercicio01", "Ejercicio01\Ejercicio01.csproj", "{33D1B9F6-A6AE-4588-9070-4AEBAF6E6C58}"
EndProject
Project("{9A19103F-16F7-4668-BE54-9A1E7A4F7556}") = "Ejercicio02", "Ejercicio02\Ejercicio02.csproj", "{B80E8ACC-42C9-4E27-918B-135872382F44}"
EndProject
Global
	GlobalSection(SolutionConfigurationPlatforms) = preSolution
		Debug|Any CPU = Debug|Any CPU
		Release|Any CPU = Release|Any CPU
	EndGlobalSection
	GlobalSection(ProjectConfigurationPlatforms) = postSolution
		{33D1B9F6-A6AE-4588-9070-4AEBAF6E6C58}.Debug|Any CPU.ActiveCfg = Debug|Any CPU
		{33D1B9F6-A6AE-4588-9070-4AEBAF6E6C58}.Debug|Any CPU.Build.0 = Debug|Any CPU
		{33D1B9F6-A6AE-4588-9070-4AEBAF6E6C58}.Release|Any CPU.ActiveCfg = Release|Any CPU
		{33D1B9F6-A6AE-4588-9070-4AEBAF6E6C58}.Release|Any CPU.Build.0 = Release|Any CPU
		{B80E8ACC-42C9-4E27-918B-135872382F44}.Debug|Any CPU.ActiveCfg = Debug|Any CPU
		{B80E8ACC-42C9-4E27-918B-135872382F44}.Debug|Any CPU.Build.0 = Debug|Any CPU
		{B80E8ACC-42C9-4E27-918B-135872382F44}.Release|Any CPU.ActiveCfg = Release|Any CPU
		{B80E8ACC-42C9-4E27-918B-135872382F44}.Release|Any CPU.Build.0 = Release|Any CPU
	EndGlobalSection
	GlobalSection(SolutionProperties) = preSolution
		HideSolutionNode = FALSE
	EndGlobalSection
	GlobalSection(ExtensibilityGlobals) = postSolution
		SolutionGuid = {746D114B-CC1E-4EC6-A9EB-0F45AA607CC8}
	EndGlobalSection
EndGlobal
